
Microsoft Visual Studio Solution File, Format Version 12.00
# Visual Studio 14
VisualStudioVersion = 14.0.25420.1
MinimumVisualStudioVersion = 10.0.40219.1
Project("{FAE04EC0-301F-11D3-BF4B-00C04F79EFBC}") = "Array", "Array\Array.csproj", "{5DBC1134-1776-43BB-AF8A-13BB5379D464}"
EndProject
Project("{FAE04EC0-301F-11D3-BF4B-00C04F79EFBC}") = "Yield", "Yield\Yield.csproj", "{52FF6A69-521C-4E06-AE88-F0FDCA74B4F3}"
EndProject
Project("{FAE04EC0-301F-11D3-BF4B-00C04F79EFBC}") = "Method", "Method\Method.csproj", "{5CAE8C64-CFA9-4381-9F3A-BD119E587410}"
EndProject
Project("{FAE04EC0-301F-11D3-BF4B-00C04F79EFBC}") = "Indexer", "Indexer\Indexer.csproj", "{2035F813-1922-4D9C-8A8B-CB637EFA8ED5}"
EndProject
Project("{FAE04EC0-301F-11D3-BF4B-00C04F79EFBC}") = "Gererics", "Gererics\Gererics.csproj", "{A3B0CDC8-6422-4547-B22E-5BBB60049CE5}"
EndProject
Project("{FAE04EC0-301F-11D3-BF4B-00C04F79EFBC}") = "Delegate", "Delegate\Delegate.csproj", "{C353986F-1955-48E1-9190-C68C065C20EA}"
EndProject
Project("{FAE04EC0-301F-11D3-BF4B-00C04F79EFBC}") = "Event", "Event\Event.csproj", "{BED4310B-EB8C-4E01-889E-EAF997B9E5D0}"
EndProject
Project("{FAE04EC0-301F-11D3-BF4B-00C04F79EFBC}") = "DBConnect", "DBConnect\DBConnect.csproj", "{6A1430B8-BD98-4F0C-8683-7B84C0633926}"
EndProject
Project("{FAE04EC0-301F-11D3-BF4B-00C04F79EFBC}") = "DataSet", "DataSet\DataSet.csproj", "{83C221E1-C77E-4F0C-B814-392F796A7889}"
EndProject
Project("{FAE04EC0-301F-11D3-BF4B-00C04F79EFBC}") = "LINQtoSQL", "LINQtoSQL\LINQtoSQL.csproj", "{E9357438-83C3-493A-A72F-D03513F2E7BC}"
EndProject
Project("{FAE04EC0-301F-11D3-BF4B-00C04F79EFBC}") = "SimpleWPFApp", "WPF\SimpleWPFApp\SimpleWPFApp.csproj", "{CD244B28-7DE3-4FF9-BC83-9CE980B20CC9}"
EndProject
Project("{FAE04EC0-301F-11D3-BF4B-00C04F79EFBC}") = "SimpleXamlApp", "WPF\SimpleXamlApp\SimpleXamlApp.csproj", "{C71ECEC4-2A0C-4394-A3AD-362D5E9644F4}"
EndProject
Project("{FAE04EC0-301F-11D3-BF4B-00C04F79EFBC}") = "SpellChecker", "WPF\SpellChecker\SpellChecker.csproj", "{4C2C04E9-F7B7-4E06-9684-CB40B1661ABD}"
EndProject
Global
	GlobalSection(SolutionConfigurationPlatforms) = preSolution
		Debug|Any CPU = Debug|Any CPU
		Release|Any CPU = Release|Any CPU
	EndGlobalSection
	GlobalSection(ProjectConfigurationPlatforms) = postSolution
		{5DBC1134-1776-43BB-AF8A-13BB5379D464}.Debug|Any CPU.ActiveCfg = Debug|Any CPU
		{5DBC1134-1776-43BB-AF8A-13BB5379D464}.Debug|Any CPU.Build.0 = Debug|Any CPU
		{5DBC1134-1776-43BB-AF8A-13BB5379D464}.Release|Any CPU.ActiveCfg = Release|Any CPU
		{5DBC1134-1776-43BB-AF8A-13BB5379D464}.Release|Any CPU.Build.0 = Release|Any CPU
		{52FF6A69-521C-4E06-AE88-F0FDCA74B4F3}.Debug|Any CPU.ActiveCfg = Debug|Any CPU
		{52FF6A69-521C-4E06-AE88-F0FDCA74B4F3}.Debug|Any CPU.Build.0 = Debug|Any CPU
		{52FF6A69-521C-4E06-AE88-F0FDCA74B4F3}.Release|Any CPU.ActiveCfg = Release|Any CPU
		{52FF6A69-521C-4E06-AE88-F0FDCA74B4F3}.Release|Any CPU.Build.0 = Release|Any CPU
		{5CAE8C64-CFA9-4381-9F3A-BD119E587410}.Debug|Any CPU.ActiveCfg = Debug|Any CPU
		{5CAE8C64-CFA9-4381-9F3A-BD119E587410}.Debug|Any CPU.Build.0 = Debug|Any CPU
		{5CAE8C64-CFA9-4381-9F3A-BD119E587410}.Release|Any CPU.ActiveCfg = Release|Any CPU
		{5CAE8C64-CFA9-4381-9F3A-BD119E587410}.Release|Any CPU.Build.0 = Release|Any CPU
		{2035F813-1922-4D9C-8A8B-CB637EFA8ED5}.Debug|Any CPU.ActiveCfg = Debug|Any CPU
		{2035F813-1922-4D9C-8A8B-CB637EFA8ED5}.Debug|Any CPU.Build.0 = Debug|Any CPU
		{2035F813-1922-4D9C-8A8B-CB637EFA8ED5}.Release|Any CPU.ActiveCfg = Release|Any CPU
		{2035F813-1922-4D9C-8A8B-CB637EFA8ED5}.Release|Any CPU.Build.0 = Release|Any CPU
		{A3B0CDC8-6422-4547-B22E-5BBB60049CE5}.Debug|Any CPU.ActiveCfg = Debug|Any CPU
		{A3B0CDC8-6422-4547-B22E-5BBB60049CE5}.Debug|Any CPU.Build.0 = Debug|Any CPU
		{A3B0CDC8-6422-4547-B22E-5BBB60049CE5}.Release|Any CPU.ActiveCfg = Release|Any CPU
		{A3B0CDC8-6422-4547-B22E-5BBB60049CE5}.Release|Any CPU.Build.0 = Release|Any CPU
		{C353986F-1955-48E1-9190-C68C065C20EA}.Debug|Any CPU.ActiveCfg = Debug|Any CPU
		{C353986F-1955-48E1-9190-C68C065C20EA}.Debug|Any CPU.Build.0 = Debug|Any CPU
		{C353986F-1955-48E1-9190-C68C065C20EA}.Release|Any CPU.ActiveCfg = Release|Any CPU
		{C353986F-1955-48E1-9190-C68C065C20EA}.Release|Any CPU.Build.0 = Release|Any CPU
		{BED4310B-EB8C-4E01-889E-EAF997B9E5D0}.Debug|Any CPU.ActiveCfg = Debug|Any CPU
		{BED4310B-EB8C-4E01-889E-EAF997B9E5D0}.Debug|Any CPU.Build.0 = Debug|Any CPU
		{BED4310B-EB8C-4E01-889E-EAF997B9E5D0}.Release|Any CPU.ActiveCfg = Release|Any CPU
		{BED4310B-EB8C-4E01-889E-EAF997B9E5D0}.Release|Any CPU.Build.0 = Release|Any CPU
		{6A1430B8-BD98-4F0C-8683-7B84C0633926}.Debug|Any CPU.ActiveCfg = Debug|Any CPU
		{6A1430B8-BD98-4F0C-8683-7B84C0633926}.Debug|Any CPU.Build.0 = Debug|Any CPU
		{6A1430B8-BD98-4F0C-8683-7B84C0633926}.Release|Any CPU.ActiveCfg = Release|Any CPU
		{6A1430B8-BD98-4F0C-8683-7B84C0633926}.Release|Any CPU.Build.0 = Release|Any CPU
		{83C221E1-C77E-4F0C-B814-392F796A7889}.Debug|Any CPU.ActiveCfg = Debug|Any CPU
		{83C221E1-C77E-4F0C-B814-392F796A7889}.Debug|Any CPU.Build.0 = Debug|Any CPU
		{83C221E1-C77E-4F0C-B814-392F796A7889}.Release|Any CPU.ActiveCfg = Release|Any CPU
		{83C221E1-C77E-4F0C-B814-392F796A7889}.Release|Any CPU.Build.0 = Release|Any CPU
		{E9357438-83C3-493A-A72F-D03513F2E7BC}.Debug|Any CPU.ActiveCfg = Debug|Any CPU
		{E9357438-83C3-493A-A72F-D03513F2E7BC}.Debug|Any CPU.Build.0 = Debug|Any CPU
		{E9357438-83C3-493A-A72F-D03513F2E7BC}.Release|Any CPU.ActiveCfg = Release|Any CPU
		{E9357438-83C3-493A-A72F-D03513F2E7BC}.Release|Any CPU.Build.0 = Release|Any CPU
		{CD244B28-7DE3-4FF9-BC83-9CE980B20CC9}.Debug|Any CPU.ActiveCfg = Debug|Any CPU
		{CD244B28-7DE3-4FF9-BC83-9CE980B20CC9}.Debug|Any CPU.Build.0 = Debug|Any CPU
		{CD244B28-7DE3-4FF9-BC83-9CE980B20CC9}.Release|Any CPU.ActiveCfg = Release|Any CPU
		{CD244B28-7DE3-4FF9-BC83-9CE980B20CC9}.Release|Any CPU.Build.0 = Release|Any CPU
		{C71ECEC4-2A0C-4394-A3AD-362D5E9644F4}.Debug|Any CPU.ActiveCfg = Debug|Any CPU
		{C71ECEC4-2A0C-4394-A3AD-362D5E9644F4}.Debug|Any CPU.Build.0 = Debug|Any CPU
		{C71ECEC4-2A0C-4394-A3AD-362D5E9644F4}.Release|Any CPU.ActiveCfg = Release|Any CPU
		{C71ECEC4-2A0C-4394-A3AD-362D5E9644F4}.Release|Any CPU.Build.0 = Release|Any CPU
		{4C2C04E9-F7B7-4E06-9684-CB40B1661ABD}.Debug|Any CPU.ActiveCfg = Debug|Any CPU
		{4C2C04E9-F7B7-4E06-9684-CB40B1661ABD}.Debug|Any CPU.Build.0 = Debug|Any CPU
		{4C2C04E9-F7B7-4E06-9684-CB40B1661ABD}.Release|Any CPU.ActiveCfg = Release|Any CPU
		{4C2C04E9-F7B7-4E06-9684-CB40B1661ABD}.Release|Any CPU.Build.0 = Release|Any CPU
	EndGlobalSection
	GlobalSection(SolutionProperties) = preSolution
		HideSolutionNode = FALSE
	EndGlobalSection
EndGlobal
